Microsoft Visual Studio Solution File, Format Version 11.00
# Visual Studio 2008

Project("{01CD0C38-48F5-B910-E536-87FA5A503731}") = "SnowBalls 4", "Assembly-CSharp.csproj", "{3D5A35F5-C155-D3F0-6AA3-D1FE34505CFC}"
EndProject
Global
	GlobalSection(SolutionConfigurationPlatforms) = preSolution
		Debug|Any CPU = Debug|Any CPU
		Release|Any CPU = Release|Any CPU
	EndGlobalSection
	GlobalSection(ProjectConfigurationPlatforms) = postSolution
		{3D5A35F5-C155-D3F0-6AA3-D1FE34505CFC}.Debug|Any CPU.ActiveCfg = Debug|Any CPU
		{3D5A35F5-C155-D3F0-6AA3-D1FE34505CFC}.Debug|Any CPU.Build.0 = Debug|Any CPU
		{3D5A35F5-C155-D3F0-6AA3-D1FE34505CFC}.Release|Any CPU.ActiveCfg = Release|Any CPU
		{3D5A35F5-C155-D3F0-6AA3-D1FE34505CFC}.Release|Any CPU.Build.0 = Release|Any CPU
	EndGlobalSection
	GlobalSection(SolutionProperties) = preSolution
		HideSolutionNode = FALSE
	EndGlobalSection
																																																																																																																											GlobalSection(MonoDevelopProperties) = preSolution
=======
																																																																																																																				GlobalSection(MonoDevelopProperties) = preSolution
>>>>>>> Stashed changes
=======
																																																																																																				GlobalSection(MonoDevelopProperties) = preSolution
>>>>>>> 8b6652747dded90e33fff0f3fffd881f75c9f93f
=======
																																																																																																					GlobalSection(MonoDevelopProperties) = preSolution
>>>>>>> 539c6d57d4a69e5367b689792278fd4077494a97
=======
																																														GlobalSection(MonoDevelopProperties) = preSolution
>>>>>>> FETCH_HEAD
		StartupItem = Assembly-CSharp.csproj
		Policies = $0
		$0.TextStylePolicy = $1
		$1.inheritsSet = null
		$1.scope = text/x-csharp
		$0.CSharpFormattingPolicy = $2
		$2.inheritsSet = Mono
		$2.inheritsScope = text/x-csharp
		$2.scope = text/x-csharp
		$0.TextStylePolicy = $3
		$3.FileWidth = 120
		$3.TabWidth = 4
		$3.EolMarker = Unix
		$3.inheritsSet = Mono
		$3.inheritsScope = text/plain
		$3.scope = text/plain
	EndGlobalSection

EndGlobal
